
Microsoft Visual Studio Solution File, Format Version 12.00
Project("{FAE04EC0-301F-11D3-BF4B-00C04F79EFBC}") = "WebBank", "WebBank\WebBank.csproj", "{297125EB-4086-450B-B557-804656731E51}"
EndProject
Project("{FAE04EC0-301F-11D3-BF4B-00C04F79EFBC}") = "AccountsApp", "AccountsApp\AccountsApp.csproj", "{83992A40-3736-46F2-ABA9-8460B8C78E63}"
EndProject
Project("{FAE04EC0-301F-11D3-BF4B-00C04F79EFBC}") = "Shared", "Shared\Shared.csproj", "{7D20E977-8EBA-4909-BE41-893CB7BE1756}"
EndProject
Project("{FAE04EC0-301F-11D3-BF4B-00C04F79EFBC}") = "Akka.Persistence.EventStore", "Akka.Persistence.EventStore\Akka.Persistence.EventStore.csproj", "{E71E2FF4-492F-4D75-AAC1-25F9E1A50C94}"
EndProject
Project("{2150E333-8FDC-42A3-9474-1A3956D46DE8}") = "Apps", "Apps", "{C585F551-58A8-4B73-9789-5645F99E6AA9}"
EndProject
Project("{2150E333-8FDC-42A3-9474-1A3956D46DE8}") = "Libs", "Libs", "{D90673E0-750D-4E9F-8B54-6181AD180D12}"
EndProject
Global
	GlobalSection(SolutionConfigurationPlatforms) = preSolution
		Debug|Any CPU = Debug|Any CPU
		Release|Any CPU = Release|Any CPU
	EndGlobalSection
	GlobalSection(ProjectConfigurationPlatforms) = postSolution
		{297125EB-4086-450B-B557-804656731E51}.Debug|Any CPU.ActiveCfg = Debug|Any CPU
		{297125EB-4086-450B-B557-804656731E51}.Debug|Any CPU.Build.0 = Debug|Any CPU
		{297125EB-4086-450B-B557-804656731E51}.Release|Any CPU.ActiveCfg = Release|Any CPU
		{297125EB-4086-450B-B557-804656731E51}.Release|Any CPU.Build.0 = Release|Any CPU
		{83992A40-3736-46F2-ABA9-8460B8C78E63}.Debug|Any CPU.ActiveCfg = Debug|Any CPU
		{83992A40-3736-46F2-ABA9-8460B8C78E63}.Debug|Any CPU.Build.0 = Debug|Any CPU
		{83992A40-3736-46F2-ABA9-8460B8C78E63}.Release|Any CPU.ActiveCfg = Release|Any CPU
		{83992A40-3736-46F2-ABA9-8460B8C78E63}.Release|Any CPU.Build.0 = Release|Any CPU
		{7D20E977-8EBA-4909-BE41-893CB7BE1756}.Debug|Any CPU.ActiveCfg = Debug|Any CPU
		{7D20E977-8EBA-4909-BE41-893CB7BE1756}.Debug|Any CPU.Build.0 = Debug|Any CPU
		{7D20E977-8EBA-4909-BE41-893CB7BE1756}.Release|Any CPU.ActiveCfg = Release|Any CPU
		{7D20E977-8EBA-4909-BE41-893CB7BE1756}.Release|Any CPU.Build.0 = Release|Any CPU
		{E71E2FF4-492F-4D75-AAC1-25F9E1A50C94}.Debug|Any CPU.ActiveCfg = Debug|Any CPU
		{E71E2FF4-492F-4D75-AAC1-25F9E1A50C94}.Debug|Any CPU.Build.0 = Debug|Any CPU
		{E71E2FF4-492F-4D75-AAC1-25F9E1A50C94}.Release|Any CPU.ActiveCfg = Release|Any CPU
		{E71E2FF4-492F-4D75-AAC1-25F9E1A50C94}.Release|Any CPU.Build.0 = Release|Any CPU
	EndGlobalSection
	GlobalSection(NestedProjects) = preSolution
		{83992A40-3736-46F2-ABA9-8460B8C78E63} = {C585F551-58A8-4B73-9789-5645F99E6AA9}
		{297125EB-4086-450B-B557-804656731E51} = {C585F551-58A8-4B73-9789-5645F99E6AA9}
		{E71E2FF4-492F-4D75-AAC1-25F9E1A50C94} = {D90673E0-750D-4E9F-8B54-6181AD180D12}
		{7D20E977-8EBA-4909-BE41-893CB7BE1756} = {D90673E0-750D-4E9F-8B54-6181AD180D12}
	EndGlobalSection
EndGlobal
